Microsoft Visual Studio Solution File, Format Version 12.00
# Visual Studio 2015
Project("{2150E333-8FDC-42A3-9474-1A3956D46DE8}") = "(crash_generation)", "..\..\..\..\..\gyp\crash_generation", "{71054F76-E083-ED71-B3F9-3E9B872F3E9E}"
EndProject
Project("{2150E333-8FDC-42A3-9474-1A3956D46DE8}") = "(handler)", "..\..\..\..\..\gyp\handler", "{07BF0989-2B77-D3C5-75FC-813F97B41E10}"
EndProject
Project("{2150E333-8FDC-42A3-9474-1A3956D46DE8}") = "(unittests)", "..\..\..\..\..\gyp\unittests", "{68226F18-FA06-3EDF-C4A9-C8979D6B14D5}"
EndProject
Project("{8BC9CEB8-8B4A-11D0-8D11-00A0C91BC942}") = "client_tests", "client_tests.vcxproj", "{BF9BEF35-A2CF-4B24-366B-7FADA97EAC6A}"
	ProjectSection(ProjectDependencies) = postProject
		{B00EB1A5-B746-9C4F-8319-E24B3A3A38A7} = {B00EB1A5-B746-9C4F-8319-E24B3A3A38A7}
		{54E9D5DF-EF9A-30D7-0377-0663C938979A} = {54E9D5DF-EF9A-30D7-0377-0663C938979A}
		{A1B84929-D7AA-D0E3-2863-53C6CFAE8BB1} = {A1B84929-D7AA-D0E3-2863-53C6CFAE8BB1}
		{4791FA4C-2164-CAE2-0AB9-96C5159431EA} = {4791FA4C-2164-CAE2-0AB9-96C5159431EA}
		{6C988E46-2930-A429-0D19-292717968F0A} = {6C988E46-2930-A429-0D19-292717968F0A}
		{06EAD113-A7A8-C429-A4DF-44D166E69143} = {06EAD113-A7A8-C429-A4DF-44D166E69143}
		{9542BC93-9FF8-21A1-DE69-6DDFF60B78F0} = {9542BC93-9FF8-21A1-DE69-6DDFF60B78F0}
	EndProjectSection
EndProject
Project("{8BC9CEB8-8B4A-11D0-8D11-00A0C91BC942}") = "common", "..\common.vcxproj", "{A1B84929-D7AA-D0E3-2863-53C6CFAE8BB1}"
EndProject
Project("{8BC9CEB8-8B4A-11D0-8D11-00A0C91BC942}") = "crash_generation_client", "..\crash_generation\crash_generation_client.vcxproj", "{6C988E46-2930-A429-0D19-292717968F0A}"
EndProject
Project("{8BC9CEB8-8B4A-11D0-8D11-00A0C91BC942}") = "crash_generation_server", "..\crash_generation\crash_generation_server.vcxproj", "{4791FA4C-2164-CAE2-0AB9-96C5159431EA}"
EndProject
Project("{8BC9CEB8-8B4A-11D0-8D11-00A0C91BC942}") = "exception_handler", "..\handler\exception_handler.vcxproj", "{06EAD113-A7A8-C429-A4DF-44D166E69143}"
EndProject
Project("{8BC9CEB8-8B4A-11D0-8D11-00A0C91BC942}") = "gmock", "gmock.vcxproj", "{54E9D5DF-EF9A-30D7-0377-0663C938979A}"
EndProject
Project("{8BC9CEB8-8B4A-11D0-8D11-00A0C91BC942}") = "gtest", "gtest.vcxproj", "{B00EB1A5-B746-9C4F-8319-E24B3A3A38A7}"
EndProject
Project("{8BC9CEB8-8B4A-11D0-8D11-00A0C91BC942}") = "processor_bits", "processor_bits.vcxproj", "{9542BC93-9FF8-21A1-DE69-6DDFF60B78F0}"
EndProject
Global
	GlobalSection(SolutionConfigurationPlatforms) = preSolution
		Release|Win32 = Release|Win32
		Debug|x64 = Debug|x64
		Purify|Win32 = Purify|Win32
		Debug|Win32 = Debug|Win32
		Purify|x64 = Purify|x64
		Release|x64 = Release|x64
	EndGlobalSection
	GlobalSection(ProjectConfigurationPlatforms) = postSolution
		{06EAD113-A7A8-C429-A4DF-44D166E69143}.Release|Win32.ActiveCfg = Release|Win32
		{06EAD113-A7A8-C429-A4DF-44D166E69143}.Release|Win32.Build.0 = Release|Win32
		{06EAD113-A7A8-C429-A4DF-44D166E69143}.Debug|x64.ActiveCfg = Debug|x64
		{06EAD113-A7A8-C429-A4DF-44D166E69143}.Debug|x64.Build.0 = Debug|x64
		{06EAD113-A7A8-C429-A4DF-44D166E69143}.Purify|Win32.ActiveCfg = Purify|Win32
		{06EAD113-A7A8-C429-A4DF-44D166E69143}.Purify|Win32.Build.0 = Purify|Win32
		{06EAD113-A7A8-C429-A4DF-44D166E69143}.Debug|Win32.ActiveCfg = Debug|Win32
		{06EAD113-A7A8-C429-A4DF-44D166E69143}.Debug|Win32.Build.0 = Debug|Win32
		{06EAD113-A7A8-C429-A4DF-44D166E69143}.Purify|x64.ActiveCfg = Purify|x64
		{06EAD113-A7A8-C429-A4DF-44D166E69143}.Purify|x64.Build.0 = Purify|x64
		{06EAD113-A7A8-C429-A4DF-44D166E69143}.Release|x64.ActiveCfg = Release|x64
		{06EAD113-A7A8-C429-A4DF-44D166E69143}.Release|x64.Build.0 = Release|x64
		{4791FA4C-2164-CAE2-0AB9-96C5159431EA}.Release|Win32.ActiveCfg = Release|Win32
		{4791FA4C-2164-CAE2-0AB9-96C5159431EA}.Release|Win32.Build.0 = Release|Win32
		{4791FA4C-2164-CAE2-0AB9-96C5159431EA}.Debug|x64.ActiveCfg = Debug|x64
		{4791FA4C-2164-CAE2-0AB9-96C5159431EA}.Debug|x64.Build.0 = Debug|x64
		{4791FA4C-2164-CAE2-0AB9-96C5159431EA}.Purify|Win32.ActiveCfg = Purify|Win32
		{4791FA4C-2164-CAE2-0AB9-96C5159431EA}.Purify|Win32.Build.0 = Purify|Win32
		{4791FA4C-2164-CAE2-0AB9-96C5159431EA}.Debug|Win32.ActiveCfg = Debug|Win32
		{4791FA4C-2164-CAE2-0AB9-96C5159431EA}.Debug|Win32.Build.0 = Debug|Win32
		{4791FA4C-2164-CAE2-0AB9-96C5159431EA}.Purify|x64.ActiveCfg = Purify|x64
		{4791FA4C-2164-CAE2-0AB9-96C5159431EA}.Purify|x64.Build.0 = Purify|x64
		{4791FA4C-2164-CAE2-0AB9-96C5159431EA}.Release|x64.ActiveCfg = Release|x64
		{4791FA4C-2164-CAE2-0AB9-96C5159431EA}.Release|x64.Build.0 = Release|x64
		{54E9D5DF-EF9A-30D7-0377-0663C938979A}.Release|Win32.ActiveCfg = Release|Win32
		{54E9D5DF-EF9A-30D7-0377-0663C938979A}.Release|Win32.Build.0 = Release|Win32
		{54E9D5DF-EF9A-30D7-0377-0663C938979A}.Debug|x64.ActiveCfg = Debug|x64
		{54E9D5DF-EF9A-30D7-0377-0663C938979A}.Debug|x64.Build.0 = Debug|x64
		{54E9D5DF-EF9A-30D7-0377-0663C938979A}.Purify|Win32.ActiveCfg = Purify|Win32
		{54E9D5DF-EF9A-30D7-0377-0663C938979A}.Purify|Win32.Build.0 = Purify|Win32
		{54E9D5DF-EF9A-30D7-0377-0663C938979A}.Debug|Win32.ActiveCfg = Debug|Win32
		{54E9D5DF-EF9A-30D7-0377-0663C938979A}.Debug|Win32.Build.0 = Debug|Win32
		{54E9D5DF-EF9A-30D7-0377-0663C938979A}.Purify|x64.ActiveCfg = Purify|x64
		{54E9D5DF-EF9A-30D7-0377-0663C938979A}.Purify|x64.Build.0 = Purify|x64
		{54E9D5DF-EF9A-30D7-0377-0663C938979A}.Release|x64.ActiveCfg = Release|x64
		{54E9D5DF-EF9A-30D7-0377-0663C938979A}.Release|x64.Build.0 = Release|x64
		{6C988E46-2930-A429-0D19-292717968F0A}.Release|Win32.ActiveCfg = Release|Win32
		{6C988E46-2930-A429-0D19-292717968F0A}.Release|Win32.Build.0 = Release|Win32
		{6C988E46-2930-A429-0D19-292717968F0A}.Debug|x64.ActiveCfg = Debug|x64
		{6C988E46-2930-A429-0D19-292717968F0A}.Debug|x64.Build.0 = Debug|x64
		{6C988E46-2930-A429-0D19-292717968F0A}.Purify|Win32.ActiveCfg = Purify|Win32
		{6C988E46-2930-A429-0D19-292717968F0A}.Purify|Win32.Build.0 = Purify|Win32
		{6C988E46-2930-A429-0D19-292717968F0A}.Debug|Win32.ActiveCfg = Debug|Win32
		{6C988E46-2930-A429-0D19-292717968F0A}.Debug|Win32.Build.0 = Debug|Win32
		{6C988E46-2930-A429-0D19-292717968F0A}.Purify|x64.ActiveCfg = Purify|x64
		{6C988E46-2930-A429-0D19-292717968F0A}.Purify|x64.Build.0 = Purify|x64
		{6C988E46-2930-A429-0D19-292717968F0A}.Release|x64.ActiveCfg = Release|x64
		{6C988E46-2930-A429-0D19-292717968F0A}.Release|x64.Build.0 = Release|x64
		{9542BC93-9FF8-21A1-DE69-6DDFF60B78F0}.Release|Win32.ActiveCfg = Release|Win32
		{9542BC93-9FF8-21A1-DE69-6DDFF60B78F0}.Release|Win32.Build.0 = Release|Win32
		{9542BC93-9FF8-21A1-DE69-6DDFF60B78F0}.Debug|x64.ActiveCfg = Debug|x64
		{9542BC93-9FF8-21A1-DE69-6DDFF60B78F0}.Debug|x64.Build.0 = Debug|x64
		{9542BC93-9FF8-21A1-DE69-6DDFF60B78F0}.Purify|Win32.ActiveCfg = Purify|Win32
		{9542BC93-9FF8-21A1-DE69-6DDFF60B78F0}.Purify|Win32.Build.0 = Purify|Win32
		{9542BC93-9FF8-21A1-DE69-6DDFF60B78F0}.Debug|Win32.ActiveCfg = Debug|Win32
		{9542BC93-9FF8-21A1-DE69-6DDFF60B78F0}.Debug|Win32.Build.0 = Debug|Win32
		{9542BC93-9FF8-21A1-DE69-6DDFF60B78F0}.Purify|x64.ActiveCfg = Purify|x64
		{9542BC93-9FF8-21A1-DE69-6DDFF60B78F0}.Purify|x64.Build.0 = Purify|x64
		{9542BC93-9FF8-21A1-DE69-6DDFF60B78F0}.Release|x64.ActiveCfg = Release|x64
		{9542BC93-9FF8-21A1-DE69-6DDFF60B78F0}.Release|x64.Build.0 = Release|x64
		{A1B84929-D7AA-D0E3-2863-53C6CFAE8BB1}.Release|Win32.ActiveCfg = Release|Win32
		{A1B84929-D7AA-D0E3-2863-53C6CFAE8BB1}.Release|Win32.Build.0 = Release|Win32
		{A1B84929-D7AA-D0E3-2863-53C6CFAE8BB1}.Debug|x64.ActiveCfg = Debug|x64
		{A1B84929-D7AA-D0E3-2863-53C6CFAE8BB1}.Debug|x64.Build.0 = Debug|x64
		{A1B84929-D7AA-D0E3-2863-53C6CFAE8BB1}.Purify|Win32.ActiveCfg = Purify|Win32
		{A1B84929-D7AA-D0E3-2863-53C6CFAE8BB1}.Purify|Win32.Build.0 = Purify|Win32
		{A1B84929-D7AA-D0E3-2863-53C6CFAE8BB1}.Debug|Win32.ActiveCfg = Debug|Win32
		{A1B84929-D7AA-D0E3-2863-53C6CFAE8BB1}.Debug|Win32.Build.0 = Debug|Win32
		{A1B84929-D7AA-D0E3-2863-53C6CFAE8BB1}.Purify|x64.ActiveCfg = Purify|x64
		{A1B84929-D7AA-D0E3-2863-53C6CFAE8BB1}.Purify|x64.Build.0 = Purify|x64
		{A1B84929-D7AA-D0E3-2863-53C6CFAE8BB1}.Release|x64.ActiveCfg = Release|x64
		{A1B84929-D7AA-D0E3-2863-53C6CFAE8BB1}.Release|x64.Build.0 = Release|x64
		{B00EB1A5-B746-9C4F-8319-E24B3A3A38A7}.Release|Win32.ActiveCfg = Release|Win32
		{B00EB1A5-B746-9C4F-8319-E24B3A3A38A7}.Release|Win32.Build.0 = Release|Win32
		{B00EB1A5-B746-9C4F-8319-E24B3A3A38A7}.Debug|x64.ActiveCfg = Debug|x64
		{B00EB1A5-B746-9C4F-8319-E24B3A3A38A7}.Debug|x64.Build.0 = Debug|x64
		{B00EB1A5-B746-9C4F-8319-E24B3A3A38A7}.Purify|Win32.ActiveCfg = Purify|Win32
		{B00EB1A5-B746-9C4F-8319-E24B3A3A38A7}.Purify|Win32.Build.0 = Purify|Win32
		{B00EB1A5-B746-9C4F-8319-E24B3A3A38A7}.Debug|Win32.ActiveCfg = Debug|Win32
		{B00EB1A5-B746-9C4F-8319-E24B3A3A38A7}.Debug|Win32.Build.0 = Debug|Win32
		{B00EB1A5-B746-9C4F-8319-E24B3A3A38A7}.Purify|x64.ActiveCfg = Purify|x64
		{B00EB1A5-B746-9C4F-8319-E24B3A3A38A7}.Purify|x64.Build.0 = Purify|x64
		{B00EB1A5-B746-9C4F-8319-E24B3A3A38A7}.Release|x64.ActiveCfg = Release|x64
		{B00EB1A5-B746-9C4F-8319-E24B3A3A38A7}.Release|x64.Build.0 = Release|x64
		{BF9BEF35-A2CF-4B24-366B-7FADA97EAC6A}.Release|Win32.ActiveCfg = Release|Win32
		{BF9BEF35-A2CF-4B24-366B-7FADA97EAC6A}.Release|Win32.Build.0 = Release|Win32
		{BF9BEF35-A2CF-4B24-366B-7FADA97EAC6A}.Debug|x64.ActiveCfg = Debug|x64
		{BF9BEF35-A2CF-4B24-366B-7FADA97EAC6A}.Debug|x64.Build.0 = Debug|x64
		{BF9BEF35-A2CF-4B24-366B-7FADA97EAC6A}.Purify|Win32.ActiveCfg = Purify|Win32
		{BF9BEF35-A2CF-4B24-366B-7FADA97EAC6A}.Purify|Win32.Build.0 = Purify|Win32
		{BF9BEF35-A2CF-4B24-366B-7FADA97EAC6A}.Debug|Win32.ActiveCfg = Debug|Win32
		{BF9BEF35-A2CF-4B24-366B-7FADA97EAC6A}.Debug|Win32.Build.0 = Debug|Win32
		{BF9BEF35-A2CF-4B24-366B-7FADA97EAC6A}.Purify|x64.ActiveCfg = Purify|x64
		{BF9BEF35-A2CF-4B24-366B-7FADA97EAC6A}.Purify|x64.Build.0 = Purify|x64
		{BF9BEF35-A2CF-4B24-366B-7FADA97EAC6A}.Release|x64.ActiveCfg = Release|x64
		{BF9BEF35-A2CF-4B24-366B-7FADA97EAC6A}.Release|x64.Build.0 = Release|x64
	EndGlobalSection
	GlobalSection(SolutionProperties) = preSolution
		HideSolutionNode = FALSE
	EndGlobalSection
	GlobalSection(NestedProjects) = preSolution
		{6C988E46-2930-A429-0D19-292717968F0A} = {71054F76-E083-ED71-B3F9-3E9B872F3E9E}
		{4791FA4C-2164-CAE2-0AB9-96C5159431EA} = {71054F76-E083-ED71-B3F9-3E9B872F3E9E}
		{06EAD113-A7A8-C429-A4DF-44D166E69143} = {07BF0989-2B77-D3C5-75FC-813F97B41E10}
		{BF9BEF35-A2CF-4B24-366B-7FADA97EAC6A} = {68226F18-FA06-3EDF-C4A9-C8979D6B14D5}
		{54E9D5DF-EF9A-30D7-0377-0663C938979A} = {68226F18-FA06-3EDF-C4A9-C8979D6B14D5}
		{B00EB1A5-B746-9C4F-8319-E24B3A3A38A7} = {68226F18-FA06-3EDF-C4A9-C8979D6B14D5}
		{9542BC93-9FF8-21A1-DE69-6DDFF60B78F0} = {68226F18-FA06-3EDF-C4A9-C8979D6B14D5}
	EndGlobalSection
EndGlobal
